{
"name": "openlayers-app",
  "version": "1.0.0",
  "lockfileVersion": 1,
  "requires": true,
  "dependencies": {
    "express": {
      "version": "4.17.1",
      "resolved": "https://registry.npmjs.org/express/-/express-4.17.1.tgz",
      "integrity": "sha512-mHJ9O79RqluphRrcw2X/GTh3k9tVv8YcoyY4KkhKlG6BWRi6XQ0O3uiRB1YI9RUKQ9V0Qs7e8w+klK1FmLbPNw==",
      "dev": true,
      "dependencies": {
        "accepts": "1.3.7"
          }
      },
   "ol": {
      "version": "6.7.0",
      "resolved": "https://registry.npmjs.org/ol/-/ol-6.7.0.tgz",
      "integrity": "sha512-...",
      "dev": true
      }
   }
}
